# This file is automatically @generated by Cargo.
# It is not intended for manual editing.
version = 4

[[package]]
name = "clap-sys"
version = "0.5.0"
source = "registry+https://github.com/rust-lang/crates.io-index"
checksum = "a76abbdb2907f6fd97fb6bc0b7be96b77d328f2dd9669d1075cc03369ed22154"

[[package]]
name = "harmonigraph-offset-range-probe"
version = "0.1.0"
dependencies = [
 "clap-sys",
 "rtrb",
]

[[package]]
name = "rtrb"
version = "0.3.5"
source = "registry+https://github.com/rust-lang/crates.io-index"
checksum = "fae8ee26b0371a29a77d2b2d6b3ae13aa81def6f9bf1b1b92a32d279a5e709b7"
